
Microsoft Visual Studio Solution File, Format Version 12.00
# Visual Studio 15
VisualStudioVersion = 15.0.28010.2046
MinimumVisualStudioVersion = 10.0.40219.1
Project("{A07B5EB6-E848-4116-A8D0-A826331D98C6}") = "Ordina.UNite.Security", "Ordina.UNite.Security\Ordina.UNite.Security.sfproj", "{B0BBE446-CE2A-4FAE-8157-35EB2D45D0C1}"
EndProject
Project("{9A19103F-16F7-4668-BE54-9A1E7A4F7556}") = "APS", "APS\APS.csproj", "{D69BA72F-7E9A-468B-90C6-4BD224278CA5}"
EndProject
Project("{9A19103F-16F7-4668-BE54-9A1E7A4F7556}") = "Private.Api", "Private.Api\Private.Api.csproj", "{310039B0-A395-4E93-B3B8-7F5243EBDC14}"
EndProject
Project("{9A19103F-16F7-4668-BE54-9A1E7A4F7556}") = "Public.Api", "Public.Api\Public.Api.csproj", "{C7F41FB0-B31F-4E43-B08C-7ED3883DF40A}"
EndProject
Project("{9A19103F-16F7-4668-BE54-9A1E7A4F7556}") = "Public.Portal", "Public.Portal\Public.Portal.csproj", "{C5F515E7-9028-4AED-8CBF-17D7DCA493C3}"
EndProject
Project("{9A19103F-16F7-4668-BE54-9A1E7A4F7556}") = "Public.Portal.SessionState", "Public.Portal.SessionState\Public.Portal.SessionState.csproj", "{C3D6F770-8BAD-404C-B6EF-5F6D35317CC0}"
EndProject
Project("{9A19103F-16F7-4668-BE54-9A1E7A4F7556}") = "Public.Portal.SessionState.Interfaces", "Public.Portal.SessionState.Interfaces\Public.Portal.SessionState.Interfaces.csproj", "{A1DAF84E-06FD-4EC4-8EFC-E3FDCE66ECA4}"
EndProject
Global
	GlobalSection(SolutionConfigurationPlatforms) = preSolution
		Debug|Any CPU = Debug|Any CPU
		Debug|x64 = Debug|x64
		Release|Any CPU = Release|Any CPU
		Release|x64 = Release|x64
	EndGlobalSection
	GlobalSection(ProjectConfigurationPlatforms) = postSolution
		{B0BBE446-CE2A-4FAE-8157-35EB2D45D0C1}.Debug|Any CPU.ActiveCfg = Debug|x64
		{B0BBE446-CE2A-4FAE-8157-35EB2D45D0C1}.Debug|x64.ActiveCfg = Debug|x64
		{B0BBE446-CE2A-4FAE-8157-35EB2D45D0C1}.Debug|x64.Build.0 = Debug|x64
		{B0BBE446-CE2A-4FAE-8157-35EB2D45D0C1}.Debug|x64.Deploy.0 = Debug|x64
		{B0BBE446-CE2A-4FAE-8157-35EB2D45D0C1}.Release|Any CPU.ActiveCfg = Release|x64
		{B0BBE446-CE2A-4FAE-8157-35EB2D45D0C1}.Release|x64.ActiveCfg = Release|x64
		{B0BBE446-CE2A-4FAE-8157-35EB2D45D0C1}.Release|x64.Build.0 = Release|x64
		{B0BBE446-CE2A-4FAE-8157-35EB2D45D0C1}.Release|x64.Deploy.0 = Release|x64
		{D69BA72F-7E9A-468B-90C6-4BD224278CA5}.Debug|Any CPU.ActiveCfg = Debug|Any CPU
		{D69BA72F-7E9A-468B-90C6-4BD224278CA5}.Debug|Any CPU.Build.0 = Debug|Any CPU
		{D69BA72F-7E9A-468B-90C6-4BD224278CA5}.Debug|x64.ActiveCfg = Debug|Any CPU
		{D69BA72F-7E9A-468B-90C6-4BD224278CA5}.Debug|x64.Build.0 = Debug|Any CPU
		{D69BA72F-7E9A-468B-90C6-4BD224278CA5}.Release|Any CPU.ActiveCfg = Release|Any CPU
		{D69BA72F-7E9A-468B-90C6-4BD224278CA5}.Release|Any CPU.Build.0 = Release|Any CPU
		{D69BA72F-7E9A-468B-90C6-4BD224278CA5}.Release|x64.ActiveCfg = Release|Any CPU
		{D69BA72F-7E9A-468B-90C6-4BD224278CA5}.Release|x64.Build.0 = Release|Any CPU
		{310039B0-A395-4E93-B3B8-7F5243EBDC14}.Debug|Any CPU.ActiveCfg = Debug|Any CPU
		{310039B0-A395-4E93-B3B8-7F5243EBDC14}.Debug|Any CPU.Build.0 = Debug|Any CPU
		{310039B0-A395-4E93-B3B8-7F5243EBDC14}.Debug|x64.ActiveCfg = Debug|Any CPU
		{310039B0-A395-4E93-B3B8-7F5243EBDC14}.Debug|x64.Build.0 = Debug|Any CPU
		{310039B0-A395-4E93-B3B8-7F5243EBDC14}.Release|Any CPU.ActiveCfg = Release|Any CPU
		{310039B0-A395-4E93-B3B8-7F5243EBDC14}.Release|Any CPU.Build.0 = Release|Any CPU
		{310039B0-A395-4E93-B3B8-7F5243EBDC14}.Release|x64.ActiveCfg = Release|Any CPU
		{310039B0-A395-4E93-B3B8-7F5243EBDC14}.Release|x64.Build.0 = Release|Any CPU
		{C7F41FB0-B31F-4E43-B08C-7ED3883DF40A}.Debug|Any CPU.ActiveCfg = Debug|Any CPU
		{C7F41FB0-B31F-4E43-B08C-7ED3883DF40A}.Debug|Any CPU.Build.0 = Debug|Any CPU
		{C7F41FB0-B31F-4E43-B08C-7ED3883DF40A}.Debug|x64.ActiveCfg = Debug|Any CPU
		{C7F41FB0-B31F-4E43-B08C-7ED3883DF40A}.Debug|x64.Build.0 = Debug|Any CPU
		{C7F41FB0-B31F-4E43-B08C-7ED3883DF40A}.Release|Any CPU.ActiveCfg = Release|Any CPU
		{C7F41FB0-B31F-4E43-B08C-7ED3883DF40A}.Release|Any CPU.Build.0 = Release|Any CPU
		{C7F41FB0-B31F-4E43-B08C-7ED3883DF40A}.Release|x64.ActiveCfg = Release|Any CPU
		{C7F41FB0-B31F-4E43-B08C-7ED3883DF40A}.Release|x64.Build.0 = Release|Any CPU
		{C5F515E7-9028-4AED-8CBF-17D7DCA493C3}.Debug|Any CPU.ActiveCfg = Debug|Any CPU
		{C5F515E7-9028-4AED-8CBF-17D7DCA493C3}.Debug|Any CPU.Build.0 = Debug|Any CPU
		{C5F515E7-9028-4AED-8CBF-17D7DCA493C3}.Debug|x64.ActiveCfg = Debug|Any CPU
		{C5F515E7-9028-4AED-8CBF-17D7DCA493C3}.Debug|x64.Build.0 = Debug|Any CPU
		{C5F515E7-9028-4AED-8CBF-17D7DCA493C3}.Release|Any CPU.ActiveCfg = Release|Any CPU
		{C5F515E7-9028-4AED-8CBF-17D7DCA493C3}.Release|Any CPU.Build.0 = Release|Any CPU
		{C5F515E7-9028-4AED-8CBF-17D7DCA493C3}.Release|x64.ActiveCfg = Release|Any CPU
		{C5F515E7-9028-4AED-8CBF-17D7DCA493C3}.Release|x64.Build.0 = Release|Any CPU
		{C3D6F770-8BAD-404C-B6EF-5F6D35317CC0}.Debug|Any CPU.ActiveCfg = Debug|Any CPU
		{C3D6F770-8BAD-404C-B6EF-5F6D35317CC0}.Debug|Any CPU.Build.0 = Debug|Any CPU
		{C3D6F770-8BAD-404C-B6EF-5F6D35317CC0}.Debug|x64.ActiveCfg = Debug|Any CPU
		{C3D6F770-8BAD-404C-B6EF-5F6D35317CC0}.Debug|x64.Build.0 = Debug|Any CPU
		{C3D6F770-8BAD-404C-B6EF-5F6D35317CC0}.Release|Any CPU.ActiveCfg = Release|Any CPU
		{C3D6F770-8BAD-404C-B6EF-5F6D35317CC0}.Release|Any CPU.Build.0 = Release|Any CPU
		{C3D6F770-8BAD-404C-B6EF-5F6D35317CC0}.Release|x64.ActiveCfg = Release|Any CPU
		{C3D6F770-8BAD-404C-B6EF-5F6D35317CC0}.Release|x64.Build.0 = Release|Any CPU
		{A1DAF84E-06FD-4EC4-8EFC-E3FDCE66ECA4}.Debug|Any CPU.ActiveCfg = Debug|Any CPU
		{A1DAF84E-06FD-4EC4-8EFC-E3FDCE66ECA4}.Debug|Any CPU.Build.0 = Debug|Any CPU
		{A1DAF84E-06FD-4EC4-8EFC-E3FDCE66ECA4}.Debug|x64.ActiveCfg = Debug|Any CPU
		{A1DAF84E-06FD-4EC4-8EFC-E3FDCE66ECA4}.Debug|x64.Build.0 = Debug|Any CPU
		{A1DAF84E-06FD-4EC4-8EFC-E3FDCE66ECA4}.Release|Any CPU.ActiveCfg = Release|Any CPU
		{A1DAF84E-06FD-4EC4-8EFC-E3FDCE66ECA4}.Release|Any CPU.Build.0 = Release|Any CPU
		{A1DAF84E-06FD-4EC4-8EFC-E3FDCE66ECA4}.Release|x64.ActiveCfg = Release|Any CPU
		{A1DAF84E-06FD-4EC4-8EFC-E3FDCE66ECA4}.Release|x64.Build.0 = Release|Any CPU
	EndGlobalSection
	GlobalSection(SolutionProperties) = preSolution
		HideSolutionNode = FALSE
	EndGlobalSection
	GlobalSection(ExtensibilityGlobals) = postSolution
		SolutionGuid = {DBFC1776-47AC-4150-9227-D43DE9DF7429}
	EndGlobalSection
EndGlobal
